
Microsoft Visual Studio Solution File, Format Version 12.00
# Visual Studio Version 16
VisualStudioVersion = 16.0.31424.327
MinimumVisualStudioVersion = 10.0.40219.1
Project("{FAE04EC0-301F-11D3-BF4B-00C04F79EFBC}") = "SADProject1", "SADProject1\SADProject1.csproj", "{1C0191B5-E87E-4A21-948F-7442F941B4AE}"
EndProject
Global
	GlobalSection(SolutionConfigurationPlatforms) = preSolution
		Debug|Any CPU = Debug|Any CPU
		Release|Any CPU = Release|Any CPU
	EndGlobalSection
	GlobalSection(ProjectConfigurationPlatforms) = postSolution
		{1C0191B5-E87E-4A21-948F-7442F941B4AE}.Debug|Any CPU.ActiveCfg = Debug|Any CPU
		{1C0191B5-E87E-4A21-948F-7442F941B4AE}.Debug|Any CPU.Build.0 = Debug|Any CPU
		{1C0191B5-E87E-4A21-948F-7442F941B4AE}.Release|Any CPU.ActiveCfg = Release|Any CPU
		{1C0191B5-E87E-4A21-948F-7442F941B4AE}.Release|Any CPU.Build.0 = Release|Any CPU
	EndGlobalSection
	GlobalSection(SolutionProperties) = preSolution
		HideSolutionNode = FALSE
	EndGlobalSection
	GlobalSection(ExtensibilityGlobals) = postSolution
		SolutionGuid = {92141F7E-EB2B-492C-9B7A-06120D048217}
	EndGlobalSection
EndGlobal
